// !$*UTF8*$!
{
	archiveVersion = 1;
	classes = {
	};
	objectVersion = 46;
	objects = {

/* Begin PBXBuildFile section */
		943468E59DD7D89DE10AB055 /* Pods_Foodaholic.framework in Frameworks */ = {isa = PBXBuildFile; fileRef = 3B60B9125588CC1F21DD20E2 /* Pods_Foodaholic.framework */; };
		A52973CC1D9CEB39002DBD01 /* GoogleService-Info.plist in Resources */ = {isa = PBXBuildFile; fileRef = A52973CB1D9CEB39002DBD01 /* GoogleService-Info.plist */; };
		A52973CE1D9D176B002DBD01 /* ResaturantMealTableViewController.swift in Sources */ = {isa = PBXBuildFile; fileRef = A52973CD1D9D176B002DBD01 /* ResaturantMealTableViewController.swift */; };
		A54657D91DA4E07700ECA38C /* DetailViewController.swift in Sources */ = {isa = PBXBuildFile; fileRef = A54657D81DA4E07700ECA38C /* DetailViewController.swift */; };
		A5C7C44D1DA7A0A300DDFDBA /* searchRestaurantsTableViewCell.swift in Sources */ = {isa = PBXBuildFile; fileRef = A5C7C44C1DA7A0A300DDFDBA /* searchRestaurantsTableViewCell.swift */; };
		A5C7C44F1DA7A63100DDFDBA /* searchRestaurant.swift in Sources */ = {isa = PBXBuildFile; fileRef = A5C7C44E1DA7A63100DDFDBA /* searchRestaurant.swift */; };
		A5DF278A1D9CDE7500CF5CEA /* AppDelegate.swift in Sources */ = {isa = PBXBuildFile; fileRef = A5DF27891D9CDE7500CF5CEA /* AppDelegate.swift */; };
		A5DF278F1D9CDE7500CF5CEA /* Main.storyboard in Resources */ = {isa = PBXBuildFile; fileRef = A5DF278D1D9CDE7500CF5CEA /* Main.storyboard */; };
		A5DF27921D9CDE7500CF5CEA /* Foodaholic.xcdatamodeld in Sources */ = {isa = PBXBuildFile; fileRef = A5DF27901D9CDE7500CF5CEA /* Foodaholic.xcdatamodeld */; };
		A5DF27941D9CDE7500CF5CEA /* Assets.xcassets in Resources */ = {isa = PBXBuildFile; fileRef = A5DF27931D9CDE7500CF5CEA /* Assets.xcassets */; };
		A5DF27971D9CDE7500CF5CEA /* LaunchScreen.storyboard in Resources */ = {isa = PBXBuildFile; fileRef = A5DF27951D9CDE7500CF5CEA /* LaunchScreen.storyboard */; };
		A5F1E8A21DA626700028ABF5 /* MapKit.framework in Frameworks */ = {isa = PBXBuildFile; fileRef = A5F1E8A11DA626700028ABF5 /* MapKit.framework */; };
		A5F1E8AE1DA655B00028ABF5 /* MapViewController.swift in Sources */ = {isa = PBXBuildFile; fileRef = A5F1E8AD1DA655B00028ABF5 /* MapViewController.swift */; };
		A5FD5AD01D9E14880062C276 /* CommentViewController.swift in Sources */ = {isa = PBXBuildFile; fileRef = A5FD5ACF1D9E14880062C276 /* CommentViewController.swift */; };
		A5FD5AD21D9E3E210062C276 /* RatingControl.swift in Sources */ = {isa = PBXBuildFile; fileRef = A5FD5AD11D9E3E210062C276 /* RatingControl.swift */; };
		A5FD5AD41D9E6CCA0062C276 /* ResaturantMealTableViewCell.swift in Sources */ = {isa = PBXBuildFile; fileRef = A5FD5AD31D9E6CCA0062C276 /* ResaturantMealTableViewCell.swift */; };
		A5FD5AD61D9FA2200062C276 /* Meal.swift in Sources */ = {isa = PBXBuildFile; fileRef = A5FD5AD51D9FA2200062C276 /* Meal.swift */; };
/* End PBXBuildFile section */

/* Begin PBXFileReference section */
		3B60B9125588CC1F21DD20E2 /* Pods_Foodaholic.framework */ = {isa = PBXFileReference; explicitFileType = wrapper.framework; includeInIndex = 0; path = Pods_Foodaholic.framework; sourceTree = BUILT_PRODUCTS_DIR; };
		68C03BB6EDA463E40FE28213 /* Pods-Foodaholic.release.xcconfig */ = {isa = PBXFileReference; includeInIndex = 1; lastKnownFileType = text.xcconfig; name = "Pods-Foodaholic.release.xcconfig"; path = "Pods/Target Support Files/Pods-Foodaholic/Pods-Foodaholic.release.xcconfig"; sourceTree = "<group>"; };
		75D53D1456D4D20DE4725320 /* Pods-Foodaholic.debug.xcconfig */ = {isa = PBXFileReference; includeInIndex = 1; lastKnownFileType = text.xcconfig; name = "Pods-Foodaholic.debug.xcconfig"; path = "Pods/Target Support Files/Pods-Foodaholic/Pods-Foodaholic.debug.xcconfig"; sourceTree = "<group>"; };
		A52973CB1D9CEB39002DBD01 /* GoogleService-Info.plist */ = {isa = PBXFileReference; fileEncoding = 4; lastKnownFileType = text.plist.xml; path = "GoogleService-Info.plist"; sourceTree = "<group>"; };
		A52973CD1D9D176B002DBD01 /* ResaturantMealTableViewController.swift */ = {isa = PBXFileReference; fileEncoding = 4; lastKnownFileType = sourcecode.swift; path = ResaturantMealTableViewController.swift; sourceTree = "<group>"; };
		A54657D81DA4E07700ECA38C /* DetailViewController.swift */ = {isa = PBXFileReference; fileEncoding = 4; lastKnownFileType = sourcecode.swift; path = DetailViewController.swift; sourceTree = "<group>"; };
		A5C7C44C1DA7A0A300DDFDBA /* searchRestaurantsTableViewCell.swift */ = {isa = PBXFileReference; fileEncoding = 4; lastKnownFileType = sourcecode.swift; path = searchRestaurantsTableViewCell.swift; sourceTree = "<group>"; };
		A5C7C44E1DA7A63100DDFDBA /* searchRestaurant.swift */ = {isa = PBXFileReference; fileEncoding = 4; lastKnownFileType = sourcecode.swift; path = searchRestaurant.swift; sourceTree = "<group>"; };
		A5DF27861D9CDE7500CF5CEA /* Foodaholic.app */ = {isa = PBXFileReference; explicitFileType = wrapper.application; includeInIndex = 0; path = Foodaholic.app; sourceTree = BUILT_PRODUCTS_DIR; };
		A5DF27891D9CDE7500CF5CEA /* AppDelegate.swift */ = {isa = PBXFileReference; lastKnownFileType = sourcecode.swift; path = AppDelegate.swift; sourceTree = "<group>"; };
		A5DF278E1D9CDE7500CF5CEA /* Base */ = {isa = PBXFileReference; lastKnownFileType = file.storyboard; name = Base; path = Base.lproj/Main.storyboard; sourceTree = "<group>"; };
		A5DF27911D9CDE7500CF5CEA /* Foodaholic.xcdatamodel */ = {isa = PBXFileReference; lastKnownFileType = wrapper.xcdatamodel; path = Foodaholic.xcdatamodel; sourceTree = "<group>"; };
		A5DF27931D9CDE7500CF5CEA /* Assets.xcassets */ = {isa = PBXFileReference; lastKnownFileType = folder.assetcatalog; path = Assets.xcassets; sourceTree = "<group>"; };
		A5DF27961D9CDE7500CF5CEA /* Base */ = {isa = PBXFileReference; lastKnownFileType = file.storyboard; name = Base; path = Base.lproj/LaunchScreen.storyboard; sourceTree = "<group>"; };
		A5DF27981D9CDE7500CF5CEA /* Info.plist */ = {isa = PBXFileReference; lastKnownFileType = text.plist.xml; path = Info.plist; sourceTree = "<group>"; };
		A5F1E8A11DA626700028ABF5 /* MapKit.framework */ = {isa = PBXFileReference; lastKnownFileType = wrapper.framework; name = MapKit.framework; path = System/Library/Frameworks/MapKit.framework; sourceTree = SDKROOT; };
		A5F1E8AD1DA655B00028ABF5 /* MapViewController.swift */ = {isa = PBXFileReference; fileEncoding = 4; lastKnownFileType = sourcecode.swift; path = MapViewController.swift; sourceTree = "<group>"; };
		A5F1E8AF1DA659B50028ABF5 /* FoursquareAPIClient-Bridging-Header.h */ = {isa = PBXFileReference; lastKnownFileType = sourcecode.c.h; path = "FoursquareAPIClient-Bridging-Header.h"; sourceTree = "<group>"; };
		A5FD5ACF1D9E14880062C276 /* CommentViewController.swift */ = {isa = PBXFileReference; fileEncoding = 4; lastKnownFileType = sourcecode.swift; path = CommentViewController.swift; sourceTree = "<group>"; };
		A5FD5AD11D9E3E210062C276 /* RatingControl.swift */ = {isa = PBXFileReference; fileEncoding = 4; lastKnownFileType = sourcecode.swift; path = RatingControl.swift; sourceTree = "<group>"; };
		A5FD5AD31D9E6CCA0062C276 /* ResaturantMealTableViewCell.swift */ = {isa = PBXFileReference; fileEncoding = 4; lastKnownFileType = sourcecode.swift; path = ResaturantMealTableViewCell.swift; sourceTree = "<group>"; };
		A5FD5AD51D9FA2200062C276 /* Meal.swift */ = {isa = PBXFileReference; fileEncoding = 4; lastKnownFileType = sourcecode.swift; path = Meal.swift; sourceTree = "<group>"; };
/* End PBXFileReference section */

/* Begin PBXFrameworksBuildPhase section */
		A5DF27831D9CDE7500CF5CEA /* Frameworks */ = {
			isa = PBXFrameworksBuildPhase;
			buildActionMask = 2147483647;
			files = (
				A5F1E8A21DA626700028ABF5 /* MapKit.framework in Frameworks */,
				943468E59DD7D89DE10AB055 /* Pods_Foodaholic.framework in Frameworks */,
			);
			runOnlyForDeploymentPostprocessing = 0;
		};
/* End PBXFrameworksBuildPhase section */

/* Begin PBXGroup section */
		501D79A4C471F0E502D5EA29 /* Frameworks */ = {
			isa = PBXGroup;
			children = (
				A5F1E8A11DA626700028ABF5 /* MapKit.framework */,
				3B60B9125588CC1F21DD20E2 /* Pods_Foodaholic.framework */,
			);
			name = Frameworks;
			sourceTree = "<group>";
		};
		5D9577A5152E95F38FA9C36D /* Pods */ = {
			isa = PBXGroup;
			children = (
				75D53D1456D4D20DE4725320 /* Pods-Foodaholic.debug.xcconfig */,
				68C03BB6EDA463E40FE28213 /* Pods-Foodaholic.release.xcconfig */,
			);
			name = Pods;
			sourceTree = "<group>";
		};
		A5DF277D1D9CDE7500CF5CEA = {
			isa = PBXGroup;
			children = (
				A5DF27881D9CDE7500CF5CEA /* Foodaholic */,
				A5DF27871D9CDE7500CF5CEA /* Products */,
				5D9577A5152E95F38FA9C36D /* Pods */,
				A5F1E8AF1DA659B50028ABF5 /* FoursquareAPIClient-Bridging-Header.h */,
				501D79A4C471F0E502D5EA29 /* Frameworks */,
			);
			sourceTree = "<group>";
		};
		A5DF27871D9CDE7500CF5CEA /* Products */ = {
			isa = PBXGroup;
			children = (
				A5DF27861D9CDE7500CF5CEA /* Foodaholic.app */,
			);
			name = Products;
			sourceTree = "<group>";
		};
		A5DF27881D9CDE7500CF5CEA /* Foodaholic */ = {
			isa = PBXGroup;
			children = (
				A5F1E8AD1DA655B00028ABF5 /* MapViewController.swift */,
				A5C7C44E1DA7A63100DDFDBA /* searchRestaurant.swift */,
				A5C7C44C1DA7A0A300DDFDBA /* searchRestaurantsTableViewCell.swift */,
				A54657D81DA4E07700ECA38C /* DetailViewController.swift */,
				A5FD5ACF1D9E14880062C276 /* CommentViewController.swift */,
				A5FD5AD11D9E3E210062C276 /* RatingControl.swift */,
				A5FD5AD31D9E6CCA0062C276 /* ResaturantMealTableViewCell.swift */,
				A52973CD1D9D176B002DBD01 /* ResaturantMealTableViewController.swift */,
				A5DF27891D9CDE7500CF5CEA /* AppDelegate.swift */,
				A5DF278D1D9CDE7500CF5CEA /* Main.storyboard */,
				A5FD5AD51D9FA2200062C276 /* Meal.swift */,
				A5DF27931D9CDE7500CF5CEA /* Assets.xcassets */,
				A5DF27951D9CDE7500CF5CEA /* LaunchScreen.storyboard */,
				A5DF27981D9CDE7500CF5CEA /* Info.plist */,
				A5DF27901D9CDE7500CF5CEA /* Foodaholic.xcdatamodeld */,
				A52973CB1D9CEB39002DBD01 /* GoogleService-Info.plist */,
			);
			path = Foodaholic;
			sourceTree = "<group>";
		};
/* End PBXGroup section */

/* Begin PBXNativeTarget section */
		A5DF27851D9CDE7500CF5CEA /* Foodaholic */ = {
			isa = PBXNativeTarget;
			buildConfigurationList = A5DF279B1D9CDE7500CF5CEA /* Build configuration list for PBXNativeTarget "Foodaholic" */;
			buildPhases = (
				B15150DDCF684F0B61B52F34 /* 📦 Check Pods Manifest.lock */,
				A5DF27821D9CDE7500CF5CEA /* Sources */,
				A5DF27831D9CDE7500CF5CEA /* Frameworks */,
				A5DF27841D9CDE7500CF5CEA /* Resources */,
				6F16A0BA8BCD03BDCB4651AE /* 📦 Embed Pods Frameworks */,
				6330373B95B3C83A5D32655F /* 📦 Copy Pods Resources */,
			);
			buildRules = (
			);
			dependencies = (
			);
			name = Foodaholic;
			productName = Foodaholic;
			productReference = A5DF27861D9CDE7500CF5CEA /* Foodaholic.app */;
			productType = "com.apple.product-type.application";
		};
/* End PBXNativeTarget section */

/* Begin PBXProject section */
		A5DF277E1D9CDE7500CF5CEA /* Project object */ = {
			isa = PBXProject;
			attributes = {
				LastSwiftUpdateCheck = 0730;
				LastUpgradeCheck = 0730;
				ORGANIZATIONNAME = onechun;
				TargetAttributes = {
					A5DF27851D9CDE7500CF5CEA = {
						CreatedOnToolsVersion = 7.3.1;
						DevelopmentTeam = 7WL624JB7U;
					};
				};
			};
			buildConfigurationList = A5DF27811D9CDE7500CF5CEA /* Build configuration list for PBXProject "Foodaholic" */;
			compatibilityVersion = "Xcode 3.2";
			developmentRegion = English;
			hasScannedForEncodings = 0;
			knownRegions = (
				en,
				Base,
			);
			mainGroup = A5DF277D1D9CDE7500CF5CEA;
			productRefGroup = A5DF27871D9CDE7500CF5CEA /* Products */;
			projectDirPath = "";
			projectRoot = "";
			targets = (
				A5DF27851D9CDE7500CF5CEA /* Foodaholic */,
			);
		};
/* End PBXProject section */

/* Begin PBXResourcesBuildPhase section */
		A5DF27841D9CDE7500CF5CEA /* Resources */ = {
			isa = PBXResourcesBuildPhase;
			buildActionMask = 2147483647;
			files = (
				A5DF27971D9CDE7500CF5CEA /* LaunchScreen.storyboard in Resources */,
				A52973CC1D9CEB39002DBD01 /* GoogleService-Info.plist in Resources */,
				A5DF27941D9CDE7500CF5CEA /* Assets.xcassets in Resources */,
				A5DF278F1D9CDE7500CF5CEA /* Main.storyboard in Resources */,
			);
			runOnlyForDeploymentPostprocessing = 0;
		};
/* End PBXResourcesBuildPhase section */

/* Begin PBXShellScriptBuildPhase section */
		6330373B95B3C83A5D32655F /* 📦 Copy Pods Resources */ = {
			isa = PBXShellScriptBuildPhase;
			buildActionMask = 2147483647;
			files = (
			);
			inputPaths = (
			);
			name = "📦 Copy Pods Resources";
			outputPaths = (
			);
			runOnlyForDeploymentPostprocessing = 0;
			shellPath = /bin/sh;
			shellScript = "\"${SRCROOT}/Pods/Target Support Files/Pods-Foodaholic/Pods-Foodaholic-resources.sh\"\n";
			showEnvVarsInLog = 0;
		};
		6F16A0BA8BCD03BDCB4651AE /* 📦 Embed Pods Frameworks */ = {
			isa = PBXShellScriptBuildPhase;
			buildActionMask = 2147483647;
			files = (
			);
			inputPaths = (
			);
			name = "📦 Embed Pods Frameworks";
			outputPaths = (
			);
			runOnlyForDeploymentPostprocessing = 0;
			shellPath = /bin/sh;
			shellScript = "\"${SRCROOT}/Pods/Target Support Files/Pods-Foodaholic/Pods-Foodaholic-frameworks.sh\"\n";
			showEnvVarsInLog = 0;
		};
		B15150DDCF684F0B61B52F34 /* 📦 Check Pods Manifest.lock */ = {
			isa = PBXShellScriptBuildPhase;
			buildActionMask = 2147483647;
			files = (
			);
			inputPaths = (
			);
			name = "📦 Check Pods Manifest.lock";
			outputPaths = (
			);
			runOnlyForDeploymentPostprocessing = 0;
			shellPath = /bin/sh;
			shellScript = "diff \"${PODS_ROOT}/../Podfile.lock\" \"${PODS_ROOT}/Manifest.lock\" > /dev/null\nif [[ $? != 0 ]] ; then\n    cat << EOM\nerror: The sandbox is not in sync with the Podfile.lock. Run 'pod install' or update your CocoaPods installation.\nEOM\n    exit 1\nfi\n";
			showEnvVarsInLog = 0;
		};
/* End PBXShellScriptBuildPhase section */

/* Begin PBXSourcesBuildPhase section */
		A5DF27821D9CDE7500CF5CEA /* Sources */ = {
			isa = PBXSourcesBuildPhase;
			buildActionMask = 2147483647;
			files = (
				A5C7C44F1DA7A63100DDFDBA /* searchRestaurant.swift in Sources */,
				A54657D91DA4E07700ECA38C /* DetailViewController.swift in Sources */,
				A5FD5AD01D9E14880062C276 /* CommentViewController.swift in Sources */,
				A5FD5AD41D9E6CCA0062C276 /* ResaturantMealTableViewCell.swift in Sources */,
				A5FD5AD61D9FA2200062C276 /* Meal.swift in Sources */,
				A5F1E8AE1DA655B00028ABF5 /* MapViewController.swift in Sources */,
				A52973CE1D9D176B002DBD01 /* ResaturantMealTableViewController.swift in Sources */,
				A5DF27921D9CDE7500CF5CEA /* Foodaholic.xcdatamodeld in Sources */,
				A5FD5AD21D9E3E210062C276 /* RatingControl.swift in Sources */,
				A5DF278A1D9CDE7500CF5CEA /* AppDelegate.swift in Sources */,
				A5C7C44D1DA7A0A300DDFDBA /* searchRestaurantsTableViewCell.swift in Sources */,
			);
			runOnlyForDeploymentPostprocessing = 0;
		};
/* End PBXSourcesBuildPhase section */

/* Begin PBXVariantGroup section */
		A5DF278D1D9CDE7500CF5CEA /* Main.storyboard */ = {
			isa = PBXVariantGroup;
			children = (
				A5DF278E1D9CDE7500CF5CEA /* Base */,
			);
			name = Main.storyboard;
			sourceTree = "<group>";
		};
		A5DF27951D9CDE7500CF5CEA /* LaunchScreen.storyboard */ = {
			isa = PBXVariantGroup;
			children = (
				A5DF27961D9CDE7500CF5CEA /* Base */,
			);
			name = LaunchScreen.storyboard;
			sourceTree = "<group>";
		};
/* End PBXVariantGroup section */

/* Begin XCBuildConfiguration section */
		A5DF27991D9CDE7500CF5CEA /* Debug */ = {
			isa = XCBuildConfiguration;
			buildSettings = {
				ALWAYS_SEARCH_USER_PATHS = NO;
				CLANG_ANALYZER_NONNULL = YES;
				CLANG_CXX_LANGUAGE_STANDARD = "gnu++0x";
				CLANG_CXX_LIBRARY = "libc++";
				CLANG_ENABLE_MODULES = YES;
				CLANG_ENABLE_OBJC_ARC = YES;
				CLANG_WARN_BOOL_CONVERSION = YES;
				CLANG_WARN_CONSTANT_CONVERSION = YES;
				CLANG_WARN_DIRECT_OBJC_ISA_USAGE = YES_ERROR;
				CLANG_WARN_EMPTY_BODY = YES;
				CLANG_WARN_ENUM_CONVERSION = YES;
				CLANG_WARN_INT_CONVERSION = YES;
				CLANG_WARN_OBJC_ROOT_CLASS = YES_ERROR;
				CLANG_WARN_UNREACHABLE_CODE = YES;
				CLANG_WARN__DUPLICATE_METHOD_MATCH = YES;
				"CODE_SIGN_IDENTITY[sdk=iphoneos*]" = "iPhone Developer";
				COPY_PHASE_STRIP = NO;
				DEBUG_INFORMATION_FORMAT = dwarf;
				ENABLE_STRICT_OBJC_MSGSEND = YES;
				ENABLE_TESTABILITY = YES;
				GCC_C_LANGUAGE_STANDARD = gnu99;
				GCC_DYNAMIC_NO_PIC = NO;
				GCC_NO_COMMON_BLOCKS = YES;
				GCC_OPTIMIZATION_LEVEL = 0;
				GCC_PREPROCESSOR_DEFINITIONS = (
					"DEBUG=1",
					"$(inherited)",
				);
				GCC_WARN_64_TO_32_BIT_CONVERSION = YES;
				GCC_WARN_ABOUT_RETURN_TYPE = YES_ERROR;
				GCC_WARN_UNDECLARED_SELECTOR = YES;
				GCC_WARN_UNINITIALIZED_AUTOS = YES_AGGRESSIVE;
				GCC_WARN_UNUSED_FUNCTION = YES;
				GCC_WARN_UNUSED_VARIABLE = YES;
				IPHONEOS_DEPLOYMENT_TARGET = 9.3;
				MTL_ENABLE_DEBUG_INFO = YES;
				ONLY_ACTIVE_ARCH = YES;
				SDKROOT = iphoneos;
				SWIFT_OPTIMIZATION_LEVEL = "-Onone";
			};
			name = Debug;
		};
		A5DF279A1D9CDE7500CF5CEA /* Release */ = {
			isa = XCBuildConfiguration;
			buildSettings = {
				ALWAYS_SEARCH_USER_PATHS = NO;
				CLANG_ANALYZER_NONNULL = YES;
				CLANG_CXX_LANGUAGE_STANDARD = "gnu++0x";
				CLANG_CXX_LIBRARY = "libc++";
				CLANG_ENABLE_MODULES = YES;
				CLANG_ENABLE_OBJC_ARC = YES;
				CLANG_WARN_BOOL_CONVERSION = YES;
				CLANG_WARN_CONSTANT_CONVERSION = YES;
				CLANG_WARN_DIRECT_OBJC_ISA_USAGE = YES_ERROR;
				CLANG_WARN_EMPTY_BODY = YES;
				CLANG_WARN_ENUM_CONVERSION = YES;
				CLANG_WARN_INT_CONVERSION = YES;
				CLANG_WARN_OBJC_ROOT_CLASS = YES_ERROR;
				CLANG_WARN_UNREACHABLE_CODE = YES;
				CLANG_WARN__DUPLICATE_METHOD_MATCH = YES;
				"CODE_SIGN_IDENTITY[sdk=iphoneos*]" = "iPhone Developer";
				COPY_PHASE_STRIP = NO;
				DEBUG_INFORMATION_FORMAT = "dwarf-with-dsym";
				ENABLE_NS_ASSERTIONS = NO;
				ENABLE_STRICT_OBJC_MSGSEND = YES;
				GCC_C_LANGUAGE_STANDARD = gnu99;
				GCC_NO_COMMON_BLOCKS = YES;
				GCC_WARN_64_TO_32_BIT_CONVERSION = YES;
				GCC_WARN_ABOUT_RETURN_TYPE = YES_ERROR;
				GCC_WARN_UNDECLARED_SELECTOR = YES;
				GCC_WARN_UNINITIALIZED_AUTOS = YES_AGGRESSIVE;
				GCC_WARN_UNUSED_FUNCTION = YES;
				GCC_WARN_UNUSED_VARIABLE = YES;
				IPHONEOS_DEPLOYMENT_TARGET = 9.3;
				MTL_ENABLE_DEBUG_INFO = NO;
				SDKROOT = iphoneos;
				VALIDATE_PRODUCT = YES;
			};
			name = Release;
		};
		A5DF279C1D9CDE7500CF5CEA /* Debug */ = {
			isa = XCBuildConfiguration;
			baseConfigurationReference = 75D53D1456D4D20DE4725320 /* Pods-Foodaholic.debug.xcconfig */;
			buildSettings = {
				ASSETCATALOG_COMPILER_APPICON_NAME = AppIcon;
				CODE_SIGN_IDENTITY = "iPhone Developer";
				"CODE_SIGN_IDENTITY[sdk=iphoneos*]" = "iPhone Developer";
				INFOPLIST_FILE = Foodaholic/Info.plist;
				LD_RUNPATH_SEARCH_PATHS = "$(inherited) @executable_path/Frameworks";
				PRODUCT_BUNDLE_IDENTIFIER = onechun.instructor.Foodaholic;
				PRODUCT_NAME = "$(TARGET_NAME)";
				PROVISIONING_PROFILE = "";
			};
			name = Debug;
		};
		A5DF279D1D9CDE7500CF5CEA /* Release */ = {
			isa = XCBuildConfiguration;
			baseConfigurationReference = 68C03BB6EDA463E40FE28213 /* Pods-Foodaholic.release.xcconfig */;
			buildSettings = {
				ASSETCATALOG_COMPILER_APPICON_NAME = AppIcon;
				CODE_SIGN_IDENTITY = "iPhone Developer";
				"CODE_SIGN_IDENTITY[sdk=iphoneos*]" = "iPhone Developer";
				INFOPLIST_FILE = Foodaholic/Info.plist;
				LD_RUNPATH_SEARCH_PATHS = "$(inherited) @executable_path/Frameworks";
				PRODUCT_BUNDLE_IDENTIFIER = onechun.instructor.Foodaholic;
				PRODUCT_NAME = "$(TARGET_NAME)";
				PROVISIONING_PROFILE = "";
			};
			name = Release;
		};
/* End XCBuildConfiguration section */

/* Begin XCConfigurationList section */
		A5DF27811D9CDE7500CF5CEA /* Build configuration list for PBXProject "Foodaholic" */ = {
			isa = XCConfigurationList;
			buildConfigurations = (
				A5DF27991D9CDE7500CF5CEA /* Debug */,
				A5DF279A1D9CDE7500CF5CEA /* Release */,
			);
			defaultConfigurationIsVisible = 0;
			defaultConfigurationName = Release;
		};
		A5DF279B1D9CDE7500CF5CEA /* Build configuration list for PBXNativeTarget "Foodaholic" */ = {
			isa = XCConfigurationList;
			buildConfigurations = (
				A5DF279C1D9CDE7500CF5CEA /* Debug */,
				A5DF279D1D9CDE7500CF5CEA /* Release */,
			);
			defaultConfigurationIsVisible = 0;
			defaultConfigurationName = Release;
		};
/* End XCConfigurationList section */

/* Begin XCVersionGroup section */
		A5DF27901D9CDE7500CF5CEA /* Foodaholic.xcdatamodeld */ = {
			isa = XCVersionGroup;
			children = (
				A5DF27911D9CDE7500CF5CEA /* Foodaholic.xcdatamodel */,
			);
			currentVersion = A5DF27911D9CDE7500CF5CEA /* Foodaholic.xcdatamodel */;
			path = Foodaholic.xcdatamodeld;
			sourceTree = "<group>";
			versionGroupType = wrapper.xcdatamodel;
		};
/* End XCVersionGroup section */
	};
	rootObject = A5DF277E1D9CDE7500CF5CEA /* Project object */;
}
