// !$*UTF8*$!
{
	archiveVersion = 1;
	classes = {
	};
	objectVersion = 46;
	objects = {

/* Begin PBXBuildFile section */
		A5DF278A1D9CDE7500CF5CEA /* AppDelegate.swift in Sources */ = {isa = PBXBuildFile; fileRef = A5DF27891D9CDE7500CF5CEA /* AppDelegate.swift */; };
		A5DF278C1D9CDE7500CF5CEA /* ViewController.swift in Sources */ = {isa = PBXBuildFile; fileRef = A5DF278B1D9CDE7500CF5CEA /* ViewController.swift */; };
		A5DF278F1D9CDE7500CF5CEA /* Main.storyboard in Resources */ = {isa = PBXBuildFile; fileRef = A5DF278D1D9CDE7500CF5CEA /* Main.storyboard */; };
		A5DF27921D9CDE7500CF5CEA /* Foodaholic.xcdatamodeld in Sources */ = {isa = PBXBuildFile; fileRef = A5DF27901D9CDE7500CF5CEA /* Foodaholic.xcdatamodeld */; };
		A5DF27941D9CDE7500CF5CEA /* Assets.xcassets in Resources */ = {isa = PBXBuildFile; fileRef = A5DF27931D9CDE7500CF5CEA /* Assets.xcassets */; };
		A5DF27971D9CDE7500CF5CEA /* LaunchScreen.storyboard in Resources */ = {isa = PBXBuildFile; fileRef = A5DF27951D9CDE7500CF5CEA /* LaunchScreen.storyboard */; };
/* End PBXBuildFile section */

/* Begin PBXFileReference section */
		A5DF27861D9CDE7500CF5CEA /* Foodaholic.app */ = {isa = PBXFileReference; explicitFileType = wrapper.application; includeInIndex = 0; path = Foodaholic.app; sourceTree = BUILT_PRODUCTS_DIR; };
		A5DF27891D9CDE7500CF5CEA /* AppDelegate.swift */ = {isa = PBXFileReference; lastKnownFileType = sourcecode.swift; path = AppDelegate.swift; sourceTree = "<group>"; };
		A5DF278B1D9CDE7500CF5CEA /* ViewController.swift */ = {isa = PBXFileReference; lastKnownFileType = sourcecode.swift; path = ViewController.swift; sourceTree = "<group>"; };
		A5DF278E1D9CDE7500CF5CEA /* Base */ = {isa = PBXFileReference; lastKnownFileType = file.storyboard; name = Base; path = Base.lproj/Main.storyboard; sourceTree = "<group>"; };
		A5DF27911D9CDE7500CF5CEA /* Foodaholic.xcdatamodel */ = {isa = PBXFileReference; lastKnownFileType = wrapper.xcdatamodel; path = Foodaholic.xcdatamodel; sourceTree = "<group>"; };
		A5DF27931D9CDE7500CF5CEA /* Assets.xcassets */ = {isa = PBXFileReference; lastKnownFileType = folder.assetcatalog; path = Assets.xcassets; sourceTree = "<group>"; };
		A5DF27961D9CDE7500CF5CEA /* Base */ = {isa = PBXFileReference; lastKnownFileType = file.storyboard; name = Base; path = Base.lproj/LaunchScreen.storyboard; sourceTree = "<group>"; };
		A5DF27981D9CDE7500CF5CEA /* Info.plist */ = {isa = PBXFileReference; lastKnownFileType = text.plist.xml; path = Info.plist; sourceTree = "<group>"; };
/* End PBXFileReference section */

/* Begin PBXFrameworksBuildPhase section */
		A5DF27831D9CDE7500CF5CEA /* Frameworks */ = {
			isa = PBXFrameworksBuildPhase;
			buildActionMask = 2147483647;
			files = (
			);
			runOnlyForDeploymentPostprocessing = 0;
		};
/* End PBXFrameworksBuildPhase section */

/* Begin PBXGroup section */
		A5DF277D1D9CDE7500CF5CEA = {
			isa = PBXGroup;
			children = (
				A5DF27881D9CDE7500CF5CEA /* Foodaholic */,
				A5DF27871D9CDE7500CF5CEA /* Products */,
			);
			sourceTree = "<group>";
		};
		A5DF27871D9CDE7500CF5CEA /* Products */ = {
			isa = PBXGroup;
			children = (
				A5DF27861D9CDE7500CF5CEA /* Foodaholic.app */,
			);
			name = Products;
			sourceTree = "<group>";
		};
		A5DF27881D9CDE7500CF5CEA /* Foodaholic */ = {
			isa = PBXGroup;
			children = (
				A5DF27891D9CDE7500CF5CEA /* AppDelegate.swift */,
				A5DF278B1D9CDE7500CF5CEA /* ViewController.swift */,
				A5DF278D1D9CDE7500CF5CEA /* Main.storyboard */,
				A5DF27931D9CDE7500CF5CEA /* Assets.xcassets */,
				A5DF27951D9CDE7500CF5CEA /* LaunchScreen.storyboard */,
				A5DF27981D9CDE7500CF5CEA /* Info.plist */,
				A5DF27901D9CDE7500CF5CEA /* Foodaholic.xcdatamodeld */,
			);
			path = Foodaholic;
			sourceTree = "<group>";
		};
/* End PBXGroup section */

/* Begin PBXNativeTarget section */
		A5DF27851D9CDE7500CF5CEA /* Foodaholic */ = {
			isa = PBXNativeTarget;
			buildConfigurationList = A5DF279B1D9CDE7500CF5CEA /* Build configuration list for PBXNativeTarget "Foodaholic" */;
			buildPhases = (
				A5DF27821D9CDE7500CF5CEA /* Sources */,
				A5DF27831D9CDE7500CF5CEA /* Frameworks */,
				A5DF27841D9CDE7500CF5CEA /* Resources */,
			);
			buildRules = (
			);
			dependencies = (
			);
			name = Foodaholic;
			productName = Foodaholic;
			productReference = A5DF27861D9CDE7500CF5CEA /* Foodaholic.app */;
			productType = "com.apple.product-type.application";
		};
/* End PBXNativeTarget section */

/* Begin PBXProject section */
		A5DF277E1D9CDE7500CF5CEA /* Project object */ = {
			isa = PBXProject;
			attributes = {
				LastSwiftUpdateCheck = 0730;
				LastUpgradeCheck = 0730;
				ORGANIZATIONNAME = onechun;
				TargetAttributes = {
					A5DF27851D9CDE7500CF5CEA = {
						CreatedOnToolsVersion = 7.3.1;
					};
				};
			};
			buildConfigurationList = A5DF27811D9CDE7500CF5CEA /* Build configuration list for PBXProject "Foodaholic" */;
			compatibilityVersion = "Xcode 3.2";
			developmentRegion = English;
			hasScannedForEncodings = 0;
			knownRegions = (
				en,
				Base,
			);
			mainGroup = A5DF277D1D9CDE7500CF5CEA;
			productRefGroup = A5DF27871D9CDE7500CF5CEA /* Products */;
			projectDirPath = "";
			projectRoot = "";
			targets = (
				A5DF27851D9CDE7500CF5CEA /* Foodaholic */,
			);
		};
/* End PBXProject section */

/* Begin PBXResourcesBuildPhase section */
		A5DF27841D9CDE7500CF5CEA /* Resources */ = {
			isa = PBXResourcesBuildPhase;
			buildActionMask = 2147483647;
			files = (
				A5DF27971D9CDE7500CF5CEA /* LaunchScreen.storyboard in Resources */,
				A5DF27941D9CDE7500CF5CEA /* Assets.xcassets in Resources */,
				A5DF278F1D9CDE7500CF5CEA /* Main.storyboard in Resources */,
			);
			runOnlyForDeploymentPostprocessing = 0;
		};
/* End PBXResourcesBuildPhase section */

/* Begin PBXSourcesBuildPhase section */
		A5DF27821D9CDE7500CF5CEA /* Sources */ = {
			isa = PBXSourcesBuildPhase;
			buildActionMask = 2147483647;
			files = (
				A5DF27921D9CDE7500CF5CEA /* Foodaholic.xcdatamodeld in Sources */,
				A5DF278C1D9CDE7500CF5CEA /* ViewController.swift in Sources */,
				A5DF278A1D9CDE7500CF5CEA /* AppDelegate.swift in Sources */,
			);
			runOnlyForDeploymentPostprocessing = 0;
		};
/* End PBXSourcesBuildPhase section */

/* Begin PBXVariantGroup section */
		A5DF278D1D9CDE7500CF5CEA /* Main.storyboard */ = {
			isa = PBXVariantGroup;
			children = (
				A5DF278E1D9CDE7500CF5CEA /* Base */,
			);
			name = Main.storyboard;
			sourceTree = "<group>";
		};
		A5DF27951D9CDE7500CF5CEA /* LaunchScreen.storyboard */ = {
			isa = PBXVariantGroup;
			children = (
				A5DF27961D9CDE7500CF5CEA /* Base */,
			);
			name = LaunchScreen.storyboard;
			sourceTree = "<group>";
		};
/* End PBXVariantGroup section */

/* Begin XCBuildConfiguration section */
		A5DF27991D9CDE7500CF5CEA /* Debug */ = {
			isa = XCBuildConfiguration;
			buildSettings = {
				ALWAYS_SEARCH_USER_PATHS = NO;
				CLANG_ANALYZER_NONNULL = YES;
				CLANG_CXX_LANGUAGE_STANDARD = "gnu++0x";
				CLANG_CXX_LIBRARY = "libc++";
				CLANG_ENABLE_MODULES = YES;
				CLANG_ENABLE_OBJC_ARC = YES;
				CLANG_WARN_BOOL_CONVERSION = YES;
				CLANG_WARN_CONSTANT_CONVERSION = YES;
				CLANG_WARN_DIRECT_OBJC_ISA_USAGE = YES_ERROR;
				CLANG_WARN_EMPTY_BODY = YES;
				CLANG_WARN_ENUM_CONVERSION = YES;
				CLANG_WARN_INT_CONVERSION = YES;
				CLANG_WARN_OBJC_ROOT_CLASS = YES_ERROR;
				CLANG_WARN_UNREACHABLE_CODE = YES;
				CLANG_WARN__DUPLICATE_METHOD_MATCH = YES;
				"CODE_SIGN_IDENTITY[sdk=iphoneos*]" = "iPhone Developer";
				COPY_PHASE_STRIP = NO;
				DEBUG_INFORMATION_FORMAT = dwarf;
				ENABLE_STRICT_OBJC_MSGSEND = YES;
				ENABLE_TESTABILITY = YES;
				GCC_C_LANGUAGE_STANDARD = gnu99;
				GCC_DYNAMIC_NO_PIC = NO;
				GCC_NO_COMMON_BLOCKS = YES;
				GCC_OPTIMIZATION_LEVEL = 0;
				GCC_PREPROCESSOR_DEFINITIONS = (
					"DEBUG=1",
					"$(inherited)",
				);
				GCC_WARN_64_TO_32_BIT_CONVERSION = YES;
				GCC_WARN_ABOUT_RETURN_TYPE = YES_ERROR;
				GCC_WARN_UNDECLARED_SELECTOR = YES;
				GCC_WARN_UNINITIALIZED_AUTOS = YES_AGGRESSIVE;
				GCC_WARN_UNUSED_FUNCTION = YES;
				GCC_WARN_UNUSED_VARIABLE = YES;
				IPHONEOS_DEPLOYMENT_TARGET = 9.3;
				MTL_ENABLE_DEBUG_INFO = YES;
				ONLY_ACTIVE_ARCH = YES;
				SDKROOT = iphoneos;
				SWIFT_OPTIMIZATION_LEVEL = "-Onone";
			};
			name = Debug;
		};
		A5DF279A1D9CDE7500CF5CEA /* Release */ = {
			isa = XCBuildConfiguration;
			buildSettings = {
				ALWAYS_SEARCH_USER_PATHS = NO;
				CLANG_ANALYZER_NONNULL = YES;
				CLANG_CXX_LANGUAGE_STANDARD = "gnu++0x";
				CLANG_CXX_LIBRARY = "libc++";
				CLANG_ENABLE_MODULES = YES;
				CLANG_ENABLE_OBJC_ARC = YES;
				CLANG_WARN_BOOL_CONVERSION = YES;
				CLANG_WARN_CONSTANT_CONVERSION = YES;
				CLANG_WARN_DIRECT_OBJC_ISA_USAGE = YES_ERROR;
				CLANG_WARN_EMPTY_BODY = YES;
				CLANG_WARN_ENUM_CONVERSION = YES;
				CLANG_WARN_INT_CONVERSION = YES;
				CLANG_WARN_OBJC_ROOT_CLASS = YES_ERROR;
				CLANG_WARN_UNREACHABLE_CODE = YES;
				CLANG_WARN__DUPLICATE_METHOD_MATCH = YES;
				"CODE_SIGN_IDENTITY[sdk=iphoneos*]" = "iPhone Developer";
				COPY_PHASE_STRIP = NO;
				DEBUG_INFORMATION_FORMAT = "dwarf-with-dsym";
				ENABLE_NS_ASSERTIONS = NO;
				ENABLE_STRICT_OBJC_MSGSEND = YES;
				GCC_C_LANGUAGE_STANDARD = gnu99;
				GCC_NO_COMMON_BLOCKS = YES;
				GCC_WARN_64_TO_32_BIT_CONVERSION = YES;
				GCC_WARN_ABOUT_RETURN_TYPE = YES_ERROR;
				GCC_WARN_UNDECLARED_SELECTOR = YES;
				GCC_WARN_UNINITIALIZED_AUTOS = YES_AGGRESSIVE;
				GCC_WARN_UNUSED_FUNCTION = YES;
				GCC_WARN_UNUSED_VARIABLE = YES;
				IPHONEOS_DEPLOYMENT_TARGET = 9.3;
				MTL_ENABLE_DEBUG_INFO = NO;
				SDKROOT = iphoneos;
				VALIDATE_PRODUCT = YES;
			};
			name = Release;
		};
		A5DF279C1D9CDE7500CF5CEA /* Debug */ = {
			isa = XCBuildConfiguration;
			buildSettings = {
				ASSETCATALOG_COMPILER_APPICON_NAME = AppIcon;
				INFOPLIST_FILE = Foodaholic/Info.plist;
				LD_RUNPATH_SEARCH_PATHS = "$(inherited) @executable_path/Frameworks";
				PRODUCT_BUNDLE_IDENTIFIER = onechun.instructor.Foodaholic;
				PRODUCT_NAME = "$(TARGET_NAME)";
			};
			name = Debug;
		};
		A5DF279D1D9CDE7500CF5CEA /* Release */ = {
			isa = XCBuildConfiguration;
			buildSettings = {
				ASSETCATALOG_COMPILER_APPICON_NAME = AppIcon;
				INFOPLIST_FILE = Foodaholic/Info.plist;
				LD_RUNPATH_SEARCH_PATHS = "$(inherited) @executable_path/Frameworks";
				PRODUCT_BUNDLE_IDENTIFIER = onechun.instructor.Foodaholic;
				PRODUCT_NAME = "$(TARGET_NAME)";
			};
			name = Release;
		};
/* End XCBuildConfiguration section */

/* Begin XCConfigurationList section */
		A5DF27811D9CDE7500CF5CEA /* Build configuration list for PBXProject "Foodaholic" */ = {
			isa = XCConfigurationList;
			buildConfigurations = (
				A5DF27991D9CDE7500CF5CEA /* Debug */,
				A5DF279A1D9CDE7500CF5CEA /* Release */,
			);
			defaultConfigurationIsVisible = 0;
			defaultConfigurationName = Release;
		};
		A5DF279B1D9CDE7500CF5CEA /* Build configuration list for PBXNativeTarget "Foodaholic" */ = {
			isa = XCConfigurationList;
			buildConfigurations = (
				A5DF279C1D9CDE7500CF5CEA /* Debug */,
				A5DF279D1D9CDE7500CF5CEA /* Release */,
			);
			defaultConfigurationIsVisible = 0;
		};
/* End XCConfigurationList section */

/* Begin XCVersionGroup section */
		A5DF27901D9CDE7500CF5CEA /* Foodaholic.xcdatamodeld */ = {
			isa = XCVersionGroup;
			children = (
				A5DF27911D9CDE7500CF5CEA /* Foodaholic.xcdatamodel */,
			);
			currentVersion = A5DF27911D9CDE7500CF5CEA /* Foodaholic.xcdatamodel */;
			path = Foodaholic.xcdatamodeld;
			sourceTree = "<group>";
			versionGroupType = wrapper.xcdatamodel;
		};
/* End XCVersionGroup section */
	};
	rootObject = A5DF277E1D9CDE7500CF5CEA /* Project object */;
}
